PODS:
  - Alamofire (3.1.4)
  - ThIosLib (0.1.0):
    - Alamofire (~> 3.0)

DEPENDENCIES:
  - ThIosLib (from `../`)

EXTERNAL SOURCES:
  ThIosLib:
    :path: ../

SPEC CHECKSUMS:
  Alamofire: fbc829692f351fa1d8a31dd75fd7f7f56fea31fb
  ThIosLib: 0f92c2e7492a3009971431df9aae5e95c881eb3f

COCOAPODS: 0.39.0
